{
  "version": 4,
  "terraform_version": "1.0.6",
  "serial": 8,
  "lineage": "328ee629-5506-f3d2-7c16-a7c1be430fdf",
  "outputs": {},
  "resources": [
    {
      "mode": "data",
      "type": "archive_file",
      "name": "lambda_zip",
      "provider": "provider[\"registry.terraform.io/hashicorp/archive\"]",
      "instances": [
        {
          "schema_version": 0,
          "attributes": {
            "exclude_symlink_directories": null,
            "excludes": null,
            "id": "ee0f5e5ea6e05b698081543dd1c5caca87bb6b3c",
            "output_base64sha256": "mlKObPNfaBl6eSp1t5R/sIMO/QNMObVK7iKrKLHPYzE=",
            "output_base64sha512": "PlZAvkeeqL7W0LqscLwbil6xo/90VecSFlME8suOj4VA8/LDtFRT0hBb8iM1q2IjXrvRH5o64hFPUYUX3gXPyA==",
            "output_file_mode": null,
            "output_md5": "923af4bb4a1f904f941a1833f647dcdb",
            "output_path": "lambda_function.zip",
            "output_sha": "ee0f5e5ea6e05b698081543dd1c5caca87bb6b3c",
            "output_sha256": "9a528e6cf35f68197a792a75b7947fb0830efd034c39b54aee22ab28b1cf6331",
            "output_sha512": "3e5640be479ea8bed6d0baac70bc1b8a5eb1a3ff7455e712165304f2cb8e8f8540f3f2c3b45453d2105bf22335ab62235ebbd11f9a3ae2114f518517de05cfc8",
            "output_size": 1032,
            "source": [],
            "source_content": null,
            "source_content_filename": null,
            "source_dir": "lambda_function/",
            "source_file": null,
            "type": "zip"
          },
          "sensitive_attributes": []
        }
      ]
    },
    {
      "mode": "managed",
      "type": "aws_iam_role",
      "name": "lambda_exec",
      "provider": "provider[\"registry.terraform.io/hashicorp/aws\"]",
      "instances": [
        {
          "schema_version": 0,
          "attributes": {
            "arn": "arn:aws:iam::364365518125:role/lambda-exec-role",
            "assume_role_policy": "{\"Statement\":[{\"Action\":\"sts:AssumeRole\",\"Effect\":\"Allow\",\"Principal\":{\"Service\":\"lambda.amazonaws.com\"}}],\"Version\":\"2012-10-17\"}",
            "create_date": "2023-06-15T07:51:54Z",
            "description": "",
            "force_detach_policies": false,
            "id": "lambda-exec-role",
            "inline_policy": [],
            "managed_policy_arns": [
              "arn:aws:iam::aws:policy/service-role/AWSLambdaBasicExecutionRole"
            ],
            "max_session_duration": 3600,
            "name": "lambda-exec-role",
            "name_prefix": "",
            "path": "/",
            "permissions_boundary": null,
            "tags": {},
            "tags_all": {},
            "unique_id": "AROAVJVPASUW45WYOZ5ZF"
          },
          "sensitive_attributes": [],
          "private": "bnVsbA=="
        }
      ]
    },
    {
      "mode": "managed",
      "type": "aws_iam_role_policy_attachment",
      "name": "lambda_exec_policy",
      "provider": "provider[\"registry.terraform.io/hashicorp/aws\"]",
      "instances": [
        {
          "schema_version": 0,
          "attributes": {
            "id": "lambda-exec-role-20230615075155665600000001",
            "policy_arn": "arn:aws:iam::aws:policy/service-role/AWSLambdaBasicExecutionRole",
            "role": "lambda-exec-role"
          },
          "sensitive_attributes": [],
          "private": "bnVsbA==",
          "dependencies": [
            "aws_iam_role.lambda_exec"
          ]
        }
      ]
    },
    {
      "mode": "managed",
      "type": "aws_lambda_function",
      "name": "data_combiner",
      "provider": "provider[\"registry.terraform.io/hashicorp/aws\"]",
      "instances": []
    },
    {
      "mode": "managed",
      "type": "aws_s3_bucket",
      "name": "output_bucket",
      "provider": "provider[\"registry.terraform.io/hashicorp/aws\"]",
      "instances": [
        {
          "schema_version": 0,
          "attributes": {
            "acceleration_status": "",
            "acl": null,
            "arn": "arn:aws:s3:::tri-test-bucket-output",
            "bucket": "tri-test-bucket-output",
            "bucket_domain_name": "tri-test-bucket-output.s3.amazonaws.com",
            "bucket_prefix": "",
            "bucket_regional_domain_name": "tri-test-bucket-output.s3.ap-southeast-1.amazonaws.com",
            "cors_rule": [],
            "force_destroy": false,
            "grant": [
              {
                "id": "ea9e3ac645c6171aad23bfea69143dc956d7a40f984c8b71270f9b876dc938c5",
                "permissions": [
                  "FULL_CONTROL"
                ],
                "type": "CanonicalUser",
                "uri": ""
              }
            ],
            "hosted_zone_id": "Z3O0J2DXBE1FTB",
            "id": "tri-test-bucket-output",
            "lifecycle_rule": [],
            "logging": [],
            "object_lock_configuration": [],
            "object_lock_enabled": false,
            "policy": "",
            "region": "ap-southeast-1",
            "replication_configuration": [],
            "request_payer": "BucketOwner",
            "server_side_encryption_configuration": [
              {
                "rule": [
                  {
                    "apply_server_side_encryption_by_default": [
                      {
                        "kms_master_key_id": "",
                        "sse_algorithm": "AES256"
                      }
                    ],
                    "bucket_key_enabled": false
                  }
                ]
              }
            ],
            "tags": {},
            "tags_all": {},
            "timeouts": null,
            "versioning": [
              {
                "enabled": false,
                "mfa_delete": false
              }
            ],
            "website": [],
            "website_domain": null,
            "website_endpoint": null
          },
          "sensitive_attributes": [],
          "private": "eyJlMmJmYjczMC1lY2FhLTExZTYtOGY4OC0zNDM2M2JjN2M0YzAiOnsiY3JlYXRlIjoxMjAwMDAwMDAwMDAwLCJkZWxldGUiOjM2MDAwMDAwMDAwMDAsInJlYWQiOjEyMDAwMDAwMDAwMDAsInVwZGF0ZSI6MTIwMDAwMDAwMDAwMH19"
        }
      ]
    }
  ]
}
